
Microsoft Visual Studio Solution File, Format Version 12.00
# Visual Studio 15
VisualStudioVersion = 15.0.27130.2020
MinimumVisualStudioVersion = 10.0.40219.1
Project("{9A19103F-16F7-4668-BE54-9A1E7A4F7556}") = "Nancy.OWin.Security.B2C", "Nancy.OWin.Security.B2C\Nancy.OWin.Security.B2C.csproj", "{2D6D0ADB-1D60-4473-A8E6-D39FED97C5B6}"
EndProject
Project("{2150E333-8FDC-42A3-9474-1A3956D46DE8}") = "samples", "samples", "{734D2C87-48E8-4744-A88E-B7747674BD8E}"
EndProject
Project("{FAE04EC0-301F-11D3-BF4B-00C04F79EFBC}") = "B2CDemo", "samples\B2CDemo\B2CDemo.csproj", "{D092C382-293A-4B5B-A571-0A40D3A2D999}"
EndProject
Global
	GlobalSection(SolutionConfigurationPlatforms) = preSolution
		Debug|Any CPU = Debug|Any CPU
		Release|Any CPU = Release|Any CPU
	EndGlobalSection
	GlobalSection(ProjectConfigurationPlatforms) = postSolution
		{2D6D0ADB-1D60-4473-A8E6-D39FED97C5B6}.Debug|Any CPU.ActiveCfg = Debug|Any CPU
		{2D6D0ADB-1D60-4473-A8E6-D39FED97C5B6}.Debug|Any CPU.Build.0 = Debug|Any CPU
		{2D6D0ADB-1D60-4473-A8E6-D39FED97C5B6}.Release|Any CPU.ActiveCfg = Release|Any CPU
		{2D6D0ADB-1D60-4473-A8E6-D39FED97C5B6}.Release|Any CPU.Build.0 = Release|Any CPU
		{D092C382-293A-4B5B-A571-0A40D3A2D999}.Debug|Any CPU.ActiveCfg = Debug|Any CPU
		{D092C382-293A-4B5B-A571-0A40D3A2D999}.Debug|Any CPU.Build.0 = Debug|Any CPU
		{D092C382-293A-4B5B-A571-0A40D3A2D999}.Release|Any CPU.ActiveCfg = Release|Any CPU
		{D092C382-293A-4B5B-A571-0A40D3A2D999}.Release|Any CPU.Build.0 = Release|Any CPU
	EndGlobalSection
	GlobalSection(SolutionProperties) = preSolution
		HideSolutionNode = FALSE
	EndGlobalSection
	GlobalSection(NestedProjects) = preSolution
		{D092C382-293A-4B5B-A571-0A40D3A2D999} = {734D2C87-48E8-4744-A88E-B7747674BD8E}
	EndGlobalSection
	GlobalSection(ExtensibilityGlobals) = postSolution
		SolutionGuid = {82569E6A-2F30-4362-9646-054B248D0890}
	EndGlobalSection
EndGlobal
