
Microsoft Visual Studio Solution File, Format Version 12.00
# Visual Studio 15
VisualStudioVersion = 15.0.27130.2020
MinimumVisualStudioVersion = 10.0.40219.1
Project("{FAE04EC0-301F-11D3-BF4B-00C04F79EFBC}") = "Nancy.Security.GraphAPI", "Nancy.Security.GraphAPI\Nancy.Security.GraphAPI.csproj", "{2D6D0ADB-1D60-4473-A8E6-D39FED97C5B6}"
EndProject
Global
	GlobalSection(SolutionConfigurationPlatforms) = preSolution
		Debug|Any CPU = Debug|Any CPU
		Release|Any CPU = Release|Any CPU
	EndGlobalSection
	GlobalSection(ProjectConfigurationPlatforms) = postSolution
		{2D6D0ADB-1D60-4473-A8E6-D39FED97C5B6}.Debug|Any CPU.ActiveCfg = Debug|Any CPU
		{2D6D0ADB-1D60-4473-A8E6-D39FED97C5B6}.Debug|Any CPU.Build.0 = Debug|Any CPU
		{2D6D0ADB-1D60-4473-A8E6-D39FED97C5B6}.Release|Any CPU.ActiveCfg = Release|Any CPU
		{2D6D0ADB-1D60-4473-A8E6-D39FED97C5B6}.Release|Any CPU.Build.0 = Release|Any CPU
	EndGlobalSection
	GlobalSection(SolutionProperties) = preSolution
		HideSolutionNode = FALSE
	EndGlobalSection
	GlobalSection(ExtensibilityGlobals) = postSolution
		SolutionGuid = {82569E6A-2F30-4362-9646-054B248D0890}
	EndGlobalSection
EndGlobal
